
Microsoft Visual Studio Solution File, Format Version 12.00
# Visual Studio Version 17
VisualStudioVersion = 17.10.35013.160
MinimumVisualStudioVersion = 10.0.40219.1
Project("{FAE04EC0-301F-11D3-BF4B-00C04F79EFBC}") = "StudentAndCourseCrudNHibernateDemo", "StudentAndCourseCrudNHibernateDemo\StudentAndCourseCrudNHibernateDemo.csproj", "{45F85FB5-187B-4462-A098-6C9957B7F68D}"
EndProject
Global
	GlobalSection(SolutionConfigurationPlatforms) = preSolution
		Debug|Any CPU = Debug|Any CPU
		Release|Any CPU = Release|Any CPU
	EndGlobalSection
	GlobalSection(ProjectConfigurationPlatforms) = postSolution
		{45F85FB5-187B-4462-A098-6C9957B7F68D}.Debug|Any CPU.ActiveCfg = Debug|Any CPU
		{45F85FB5-187B-4462-A098-6C9957B7F68D}.Debug|Any CPU.Build.0 = Debug|Any CPU
		{45F85FB5-187B-4462-A098-6C9957B7F68D}.Release|Any CPU.ActiveCfg = Release|Any CPU
		{45F85FB5-187B-4462-A098-6C9957B7F68D}.Release|Any CPU.Build.0 = Release|Any CPU
	EndGlobalSection
	GlobalSection(SolutionProperties) = preSolution
		HideSolutionNode = FALSE
	EndGlobalSection
	GlobalSection(ExtensibilityGlobals) = postSolution
		SolutionGuid = {DA2BBA91-E244-46CB-A00E-124045A1BBCC}
	EndGlobalSection
EndGlobal
